
Microsoft Visual Studio Solution File, Format Version 12.00
# Visual Studio 2013
VisualStudioVersion = 12.0.31101.0
MinimumVisualStudioVersion = 10.0.40219.1
Project("{FAE04EC0-301F-11D3-BF4B-00C04F79EFBC}") = "ParatureSDK", "ParatureSDK.csproj", "{9DEBF649-1163-4B2C-B466-8B0C75A784FF}"
EndProject
Project("{FAE04EC0-301F-11D3-BF4B-00C04F79EFBC}") = "Exercises", "exercises\Exercises.csproj", "{41ED2E9E-ED41-4199-B983-A3783B021BAB}"
EndProject
Global
	GlobalSection(SolutionConfigurationPlatforms) = preSolution
		Debug|Any CPU = Debug|Any CPU
		Release|Any CPU = Release|Any CPU
	EndGlobalSection
	GlobalSection(ProjectConfigurationPlatforms) = postSolution
		{9DEBF649-1163-4B2C-B466-8B0C75A784FF}.Debug|Any CPU.ActiveCfg = Debug|Any CPU
		{9DEBF649-1163-4B2C-B466-8B0C75A784FF}.Debug|Any CPU.Build.0 = Debug|Any CPU
		{9DEBF649-1163-4B2C-B466-8B0C75A784FF}.Release|Any CPU.ActiveCfg = Release|Any CPU
		{9DEBF649-1163-4B2C-B466-8B0C75A784FF}.Release|Any CPU.Build.0 = Release|Any CPU
		{41ED2E9E-ED41-4199-B983-A3783B021BAB}.Debug|Any CPU.ActiveCfg = Debug|Any CPU
		{41ED2E9E-ED41-4199-B983-A3783B021BAB}.Debug|Any CPU.Build.0 = Debug|Any CPU
		{41ED2E9E-ED41-4199-B983-A3783B021BAB}.Release|Any CPU.ActiveCfg = Release|Any CPU
		{41ED2E9E-ED41-4199-B983-A3783B021BAB}.Release|Any CPU.Build.0 = Release|Any CPU
	EndGlobalSection
	GlobalSection(SolutionProperties) = preSolution
		HideSolutionNode = FALSE
	EndGlobalSection
EndGlobal
